
Microsoft Visual Studio Solution File, Format Version 12.00
# Visual Studio Version 16
VisualStudioVersion = 16.0.29709.97
MinimumVisualStudioVersion = 10.0.40219.1
Project("{8BC9CEB8-8B4A-11D0-8D11-00A0C91BC942}") = "HydrogenEngine", "HydrogenEngine\HydrogenEngine.vcxproj", "{3BA85BBE-5A83-48F8-8B49-B340D48C781D}"
EndProject
Project("{8BC9CEB8-8B4A-11D0-8D11-00A0C91BC942}") = "RendererDemo", "RendererDemo\RendererDemo.vcxproj", "{A200397A-5944-47BB-8709-C86346DA9E0F}"
EndProject
Global
	GlobalSection(SolutionConfigurationPlatforms) = preSolution
		Debug|x64 = Debug|x64
		Debug|x86 = Debug|x86
		Release|x64 = Release|x64
		Release|x86 = Release|x86
	EndGlobalSection
	GlobalSection(ProjectConfigurationPlatforms) = postSolution
		{3BA85BBE-5A83-48F8-8B49-B340D48C781D}.Debug|x64.ActiveCfg = Debug|x64
		{3BA85BBE-5A83-48F8-8B49-B340D48C781D}.Debug|x64.Build.0 = Debug|x64
		{3BA85BBE-5A83-48F8-8B49-B340D48C781D}.Debug|x86.ActiveCfg = Debug|Win32
		{3BA85BBE-5A83-48F8-8B49-B340D48C781D}.Debug|x86.Build.0 = Debug|Win32
		{3BA85BBE-5A83-48F8-8B49-B340D48C781D}.Release|x64.ActiveCfg = Release|x64
		{3BA85BBE-5A83-48F8-8B49-B340D48C781D}.Release|x64.Build.0 = Release|x64
		{3BA85BBE-5A83-48F8-8B49-B340D48C781D}.Release|x86.ActiveCfg = Release|Win32
		{3BA85BBE-5A83-48F8-8B49-B340D48C781D}.Release|x86.Build.0 = Release|Win32
		{A200397A-5944-47BB-8709-C86346DA9E0F}.Debug|x64.ActiveCfg = Debug|x64
		{A200397A-5944-47BB-8709-C86346DA9E0F}.Debug|x64.Build.0 = Debug|x64
		{A200397A-5944-47BB-8709-C86346DA9E0F}.Debug|x86.ActiveCfg = Debug|Win32
		{A200397A-5944-47BB-8709-C86346DA9E0F}.Debug|x86.Build.0 = Debug|Win32
		{A200397A-5944-47BB-8709-C86346DA9E0F}.Release|x64.ActiveCfg = Release|x64
		{A200397A-5944-47BB-8709-C86346DA9E0F}.Release|x64.Build.0 = Release|x64
		{A200397A-5944-47BB-8709-C86346DA9E0F}.Release|x86.ActiveCfg = Release|Win32
		{A200397A-5944-47BB-8709-C86346DA9E0F}.Release|x86.Build.0 = Release|Win32
	EndGlobalSection
	GlobalSection(SolutionProperties) = preSolution
		HideSolutionNode = FALSE
	EndGlobalSection
	GlobalSection(ExtensibilityGlobals) = postSolution
		SolutionGuid = {0D82FEFD-7E0C-40CC-9BC7-CDBECDFC31D3}
	EndGlobalSection
EndGlobal
